
Microsoft Visual Studio Solution File, Format Version 12.00
# Visual Studio Version 17
VisualStudioVersion = 17.8.34330.188
MinimumVisualStudioVersion = 10.0.40219.1
Project("{FAE04EC0-301F-11D3-BF4B-00C04F79EFBC}") = "Abstract_Factory", "Abstract_Factory\Abstract_Factory.csproj", "{AFA26B2A-0FA9-4E6D-ACAD-408A4DFDAC8E}"
EndProject
Global
	GlobalSection(SolutionConfigurationPlatforms) = preSolution
		Debug|Any CPU = Debug|Any CPU
		Release|Any CPU = Release|Any CPU
	EndGlobalSection
	GlobalSection(ProjectConfigurationPlatforms) = postSolution
		{AFA26B2A-0FA9-4E6D-ACAD-408A4DFDAC8E}.Debug|Any CPU.ActiveCfg = Debug|Any CPU
		{AFA26B2A-0FA9-4E6D-ACAD-408A4DFDAC8E}.Debug|Any CPU.Build.0 = Debug|Any CPU
		{AFA26B2A-0FA9-4E6D-ACAD-408A4DFDAC8E}.Release|Any CPU.ActiveCfg = Release|Any CPU
		{AFA26B2A-0FA9-4E6D-ACAD-408A4DFDAC8E}.Release|Any CPU.Build.0 = Release|Any CPU
	EndGlobalSection
	GlobalSection(SolutionProperties) = preSolution
		HideSolutionNode = FALSE
	EndGlobalSection
	GlobalSection(ExtensibilityGlobals) = postSolution
		SolutionGuid = {A734B8D5-CB62-4FBB-8F98-6608D48A3157}
	EndGlobalSection
EndGlobal
